{
  "originHash" : "73a871fe43af2c8d0b2e6d3a9c8c5f1810f605a09c4da14aaed080f346e6009f",
  "pins" : [
    {
      "identity" : "codeedittextview",
      "kind" : "remoteSourceControl",
      "location" : "https://github.com/CodeEditApp/CodeEditTextView",
      "state" : {
        "revision" : "c045ffcf4d8b2904e7bd138cdeccda99cba3ab3c",
        "version" : "0.11.2"
      }
    },
    {
      "identity" : "down",
      "kind" : "remoteSourceControl",
      "location" : "https://github.com/johnxnguyen/Down.git",
      "state" : {
        "revision" : "f34b166be1f1db4aa8f573067e901d72f2a6be57",
        "version" : "0.11.0"
      }
    },
    {
      "identity" : "rearrange",
      "kind" : "remoteSourceControl",
      "location" : "https://github.com/ChimeHQ/Rearrange",
      "state" : {
        "revision" : "5ff7f3363f7a08f77e0d761e38e6add31c2136e1",
        "version" : "1.8.1"
      }
    },
    {
      "identity" : "swift-async-algorithms",
      "kind" : "remoteSourceControl",
      "location" : "https://github.com/apple/swift-async-algorithms",
      "state" : {
        "revision" : "042e1c4d9d19748c9c228f8d4ebc97bb1e339b0b",
        "version" : "1.0.4"
      }
    },
    {
      "identity" : "swift-collections",
      "kind" : "remoteSourceControl",
      "location" : "https://github.com/apple/swift-collections.git",
      "state" : {
        "revision" : "c1805596154bb3a265fd91b8ac0c4433b4348fb0",
        "version" : "1.2.0"
      }
    },
    {
      "identity" : "swiftdown",
      "kind" : "remoteSourceControl",
      "location" : "https://github.com/qeude/SwiftDown",
      "state" : {
        "branch" : "main",
        "revision" : "3a988bfa50ffbc55ee312749c326f8791d7f87ad"
      }
    },
    {
      "identity" : "swiftlintplugin",
      "kind" : "remoteSourceControl",
      "location" : "https://github.com/lukepistrol/SwiftLintPlugin",
      "state" : {
        "revision" : "3780efccceaa87f17ec39638a9d263d0e742b71c",
        "version" : "0.59.1"
      }
    },
    {
      "identity" : "textstory",
      "kind" : "remoteSourceControl",
      "location" : "https://github.com/ChimeHQ/TextStory",
      "state" : {
        "revision" : "8dc9148b46fcf93b08ea9d4ef9bdb5e4f700e008",
        "version" : "0.9.0"
      }
    }
  ],
  "version" : 3
}
