// !$*UTF8*$!
{
	archiveVersion = 1;
	classes = {};
	objectVersion = 56;
	objects = {

/* Begin PBXBuildFile section */
	A00000000000000000000015 /* SmithersApp.swift in Sources */ = {isa = PBXBuildFile; fileRef = A00000000000000000000011 /* SmithersApp.swift */; };
	A00000000000000000000016 /* SmithersKit.xcframework in Frameworks */ = {isa = PBXBuildFile; fileRef = A00000000000000000000014 /* SmithersKit.xcframework */; };
	B11111111111111111111112 /* SmithersTests.swift in Sources */ = {isa = PBXBuildFile; fileRef = B11111111111111111111111 /* SmithersTests.swift */; };
	B1111111111111111111111A /* SmithersKit.xcframework in Frameworks */ = {isa = PBXBuildFile; fileRef = A00000000000000000000014 /* SmithersKit.xcframework */; };
	C11111111111111111111122 /* SmithersCore.swift in Sources */ = {isa = PBXBuildFile; fileRef = C11111111111111111111121 /* SmithersCore.swift */; };
	C44444444444444444444442 /* AppModel.swift in Sources */ = {isa = PBXBuildFile; fileRef = C44444444444444444444441 /* AppModel.swift */; };
	D10000000000000000000006 /* DesignSystemTests.swift in Sources */ = {isa = PBXBuildFile; fileRef = D00000000000000000000006 /* DesignSystemTests.swift */; };
	D10000000000000000000004 /* Components.swift in Sources */ = {isa = PBXBuildFile; fileRef = D00000000000000000000004 /* Components.swift */; };
	D10000000000000000000003 /* AppTheme.swift in Sources */ = {isa = PBXBuildFile; fileRef = D00000000000000000000003 /* AppTheme.swift */; };
	D10000000000000000000002 /* Tokens.swift in Sources */ = {isa = PBXBuildFile; fileRef = D00000000000000000000002 /* Tokens.swift */; };
	D10000000000000000000001 /* NSColor+Hex.swift in Sources */ = {isa = PBXBuildFile; fileRef = D00000000000000000000001 /* NSColor+Hex.swift */; };

	D10000000000000000000012 /* Tokens.swift in Sources (Tests) */ = {isa = PBXBuildFile; fileRef = D00000000000000000000002 /* Tokens.swift */; };
	D10000000000000000000013 /* AppTheme.swift in Sources (Tests) */ = {isa = PBXBuildFile; fileRef = D00000000000000000000003 /* AppTheme.swift */; };
	D10000000000000000000014 /* NSColor+Hex.swift in Sources (Tests) */ = {isa = PBXBuildFile; fileRef = D00000000000000000000001 /* NSColor+Hex.swift */; };
D10000000000000000000015 /* ComponentsTests.swift in Sources (Tests) */ = {isa = PBXBuildFile; fileRef = D00000000000000000000007 /* ComponentsTests.swift */; };

E35107889927682418501213 /* ChatWindowRootView.swift in Sources */ = {isa = PBXBuildFile; fileRef = E64683943368075852853397 /* ChatWindowRootView.swift */; };
E41098578599192807997597 /* IDEWindowRootView.swift in Sources */ = {isa = PBXBuildFile; fileRef = E95175690456350327166398 /* IDEWindowRootView.swift */; };
E09605018639019478757311 /* DividerLine.swift in Sources */ = {isa = PBXBuildFile; fileRef = E70934835764107993078525 /* DividerLine.swift */; };
E21989350555044847403895 /* ChatViewTests.swift in Sources */ = {isa = PBXBuildFile; fileRef = E76934433559908771061589 /* ChatViewTests.swift */; };
/* End PBXBuildFile section */

/* Begin PBXFileReference section */
	A00000000000000000000010 /* Smithers.app */ = {isa = PBXFileReference; explicitFileType = wrapper.application; includeInIndex = 0; path = Smithers.app; sourceTree = BUILT_PRODUCTS_DIR; };
	A00000000000000000000011 /* SmithersApp.swift */ = {isa = PBXFileReference; lastKnownFileType = sourcecode.swift; path = SmithersApp.swift; sourceTree = "<group>"; };
	A00000000000000000000013 /* Smithers-Info.plist */ = {isa = PBXFileReference; lastKnownFileType = text.plist.xml; path = "Smithers-Info.plist"; sourceTree = "<group>"; };
	A00000000000000000000014 /* SmithersKit.xcframework */ = {isa = PBXFileReference; lastKnownFileType = wrapper.xcframework; name = SmithersKit.xcframework; path = "../dist/SmithersKit.xcframework"; sourceTree = "<group>"; };
	A00000000000000000000017 /* Smithers.entitlements */ = {isa = PBXFileReference; lastKnownFileType = text.plist.entitlements; path = "Smithers.entitlements"; sourceTree = "<group>"; };
	B11111111111111111111110 /* SmithersTests.xctest */ = {isa = PBXFileReference; explicitFileType = wrapper.cfbundle; includeInIndex = 0; path = SmithersTests.xctest; sourceTree = BUILT_PRODUCTS_DIR; };
	B11111111111111111111111 /* SmithersTests.swift */ = {isa = PBXFileReference; lastKnownFileType = sourcecode.swift; path = SmithersTests.swift; sourceTree = "<group>"; };
	C11111111111111111111121 /* SmithersCore.swift */ = {isa = PBXFileReference; lastKnownFileType = sourcecode.swift; path = SmithersCore.swift; sourceTree = "<group>"; };
	C44444444444444444444441 /* AppModel.swift */ = {isa = PBXFileReference; lastKnownFileType = sourcecode.swift; path = AppModel.swift; sourceTree = "<group>"; };
		D20000000000000000000001 /* Helpers */ = {isa = PBXGroup; children = (
			D20000000000000000000002 /* Extensions */,
			D20000000000000000000003 /* DesignSystem */,
		); path = Helpers; sourceTree = "<group>"; };
	D20000000000000000000002 /* Extensions */ = {isa = PBXGroup; children = (
		D00000000000000000000001 /* NSColor+Hex.swift */,
	); path = Extensions; sourceTree = "<group>"; };
	D00000000000000000000006 /* DesignSystemTests.swift */ = {isa = PBXFileReference; lastKnownFileType = sourcecode.swift; path = DesignSystemTests.swift; sourceTree = "<group>"; };
D00000000000000000000007 /* ComponentsTests.swift */ = {isa = PBXFileReference; lastKnownFileType = sourcecode.swift; path = ComponentsTests.swift; sourceTree = "<group>"; };
		D20000000000000000000003 /* DesignSystem */ = {isa = PBXGroup; children = (
			D00000000000000000000002 /* Tokens.swift */,
			D00000000000000000000003 /* AppTheme.swift */,
			D00000000000000000000004 /* Components.swift */,
		); path = DesignSystem; sourceTree = "<group>"; };
	D00000000000000000000004 /* Components.swift */ = {isa = PBXFileReference; lastKnownFileType = sourcecode.swift; path = Components.swift; sourceTree = "<group>"; };
	D00000000000000000000003 /* AppTheme.swift */ = {isa = PBXFileReference; lastKnownFileType = sourcecode.swift; path = AppTheme.swift; sourceTree = "<group>"; };
	D00000000000000000000002 /* Tokens.swift */ = {isa = PBXFileReference; lastKnownFileType = sourcecode.swift; path = Tokens.swift; sourceTree = "<group>"; };
	D00000000000000000000001 /* NSColor+Hex.swift */ = {isa = PBXFileReference; lastKnownFileType = sourcecode.swift; path = "NSColor+Hex.swift"; sourceTree = "<group>"; };

	E64683943368075852853397 /* ChatWindowRootView.swift */ = {isa = PBXFileReference; lastKnownFileType = sourcecode.swift; path = ChatWindowRootView.swift; sourceTree = "<group>"; };
	E95175690456350327166398 /* IDEWindowRootView.swift */ = {isa = PBXFileReference; lastKnownFileType = sourcecode.swift; path = IDEWindowRootView.swift; sourceTree = "<group>"; };
	E70934835764107993078525 /* DividerLine.swift */ = {isa = PBXFileReference; lastKnownFileType = sourcecode.swift; path = DividerLine.swift; sourceTree = "<group>"; };
	E76934433559908771061589 /* ChatViewTests.swift */ = {isa = PBXFileReference; lastKnownFileType = sourcecode.swift; path = ChatViewTests.swift; sourceTree = "<group>"; };
/* End PBXFileReference section */

/* Begin PBXFrameworksBuildPhase section */
	A00000000000000000000008 /* Frameworks */ = {isa = PBXFrameworksBuildPhase; buildActionMask = 2147483647; files = (
		A00000000000000000000016 /* SmithersKit.xcframework in Frameworks */,
	); runOnlyForDeploymentPostprocessing = 0; };
	B11111111111111111111114 /* Frameworks */ = {isa = PBXFrameworksBuildPhase; buildActionMask = 2147483647; files = (
		B1111111111111111111111A /* SmithersKit.xcframework in Frameworks */,
	); runOnlyForDeploymentPostprocessing = 0; };
/* End PBXFrameworksBuildPhase section */

/* Begin PBXGroup section */
	A00000000000000000000002 = {isa = PBXGroup; children = (
		B1111111111111111111111B /* Tests */,
		A00000000000000000000013 /* Smithers-Info.plist */,
		A00000000000000000000017 /* Smithers.entitlements */,
		A00000000000000000000004 /* Sources */,
		A00000000000000000000005 /* Frameworks */,
		A00000000000000000000003 /* Products */,
	); sourceTree = "<group>"; };
	A00000000000000000000003 /* Products */ = {isa = PBXGroup; children = (
		A00000000000000000000010 /* Smithers.app */,
		B11111111111111111111110 /* SmithersTests.xctest */,
	); name = Products; sourceTree = "<group>"; };
	A00000000000000000000004 /* Sources */ = {isa = PBXGroup; children = (
		A00000000000000000000018 /* App */,
		C11111111111111111111123 /* Ghostty */,
	
		D20000000000000000000001 /* Helpers */,
		
		E43022596692747107705011 /* Features */,); path = Sources; sourceTree = "<group>"; };
	A00000000000000000000005 /* Frameworks */ = {isa = PBXGroup; children = (
		A00000000000000000000014 /* SmithersKit.xcframework */,
	); name = Frameworks; sourceTree = "<group>"; };
	A00000000000000000000018 /* App */ = {isa = PBXGroup; children = (
		A00000000000000000000011 /* SmithersApp.swift */,
		C44444444444444444444441 /* AppModel.swift */,
	); path = App; sourceTree = "<group>"; };
	B1111111111111111111111B /* Tests */ = {isa = PBXGroup; children = (
		B11111111111111111111111 /* SmithersTests.swift */,
		E76934433559908771061589 /* ChatViewTests.swift */,
	
		D00000000000000000000006 /* DesignSystemTests.swift */,
		); name = Tests; path = SmithersTests; sourceTree = "<group>"; };
	C11111111111111111111123 /* Ghostty */ = {isa = PBXGroup; children = (
		C11111111111111111111121 /* SmithersCore.swift */,
	); path = Ghostty; sourceTree = "<group>"; };

	E43022596692747107705011 /* Features */ = {isa = PBXGroup; children = (
		E67917935509812531650863 /* Chat */,
		E54142318959259192779124 /* IDE */,
	); path = Features; sourceTree = "<group>"; };
	E67917935509812531650863 /* Chat */ = {isa = PBXGroup; children = (
		E41187255318532219734785 /* Views */,
	); path = Chat; sourceTree = "<group>"; };
	E41187255318532219734785 /* Views */ = {isa = PBXGroup; children = (
		E64683943368075852853397 /* ChatWindowRootView.swift */
	); path = Views; sourceTree = "<group>"; };
	E54142318959259192779124 /* IDE */ = {isa = PBXGroup; children = (
		E82581908906109446756056 /* Views */,
	); path = IDE; sourceTree = "<group>"; };
	E82581908906109446756056 /* Views */ = {isa = PBXGroup; children = (
		E95175690456350327166398 /* IDEWindowRootView.swift */
	); path = Views; sourceTree = "<group>"; };
/* End PBXGroup section */

/* Begin PBXNativeTarget section */
	A00000000000000000000006 /* Smithers */ = {isa = PBXNativeTarget; buildConfigurationList = A0000000000000000000000D /* Build configuration list for PBXNativeTarget "Smithers" */; buildPhases = (
		C22222222222222222222224 /* Verify SmithersKit.xcframework */,
		A00000000000000000000007 /* Sources */,
		A00000000000000000000008 /* Frameworks */,
		A00000000000000000000009 /* Resources */,
	); buildRules = ( ); dependencies = ( ); name = Smithers; productName = Smithers; productReference = A00000000000000000000010 /* Smithers.app */; productType = "com.apple.product-type.application"; };
	B11111111111111111111116 /* SmithersTests */ = {isa = PBXNativeTarget; buildConfigurationList = B11111111111111111111119 /* Build configuration list for PBXNativeTarget "SmithersTests" */; buildPhases = (
		B11111111111111111111113 /* Sources */,
		B11111111111111111111114 /* Frameworks */,
		B11111111111111111111115 /* Resources */,
	); buildRules = ( ); dependencies = ( C33333333333333333333326 /* PBXTargetDependency */ ); name = SmithersTests; productName = SmithersTests; productReference = B11111111111111111111110 /* SmithersTests.xctest */; productType = "com.apple.product-type.bundle.unit-test"; };
/* End PBXNativeTarget section */

/* Begin PBXContainerItemProxy section */
	C33333333333333333333325 /* PBXContainerItemProxy */ = {isa = PBXContainerItemProxy; containerPortal = A00000000000000000000001 /* Project object */; proxyType = 1; remoteGlobalIDString = A00000000000000000000006; remoteInfo = Smithers; };
/* End PBXContainerItemProxy section */
/* Begin PBXProject section */
	A00000000000000000000001 /* Project object */ = {isa = PBXProject; attributes = { LastUpgradeCheck = 1530; TargetAttributes = { A00000000000000000000006 = { ProvisioningStyle = Manual; }; B11111111111111111111116 = { ProvisioningStyle = Manual; }; }; }; buildConfigurationList = A0000000000000000000000A /* Build configuration list for PBXProject "Smithers" */; compatibilityVersion = "Xcode 15.0"; developmentRegion = en; hasScannedForEncodings = 0; knownRegions = ( en ); mainGroup = A00000000000000000000002; productRefGroup = A00000000000000000000003 /* Products */; projectDirPath = ""; projectRoot = ""; targets = ( A00000000000000000000006 /* Smithers */, B11111111111111111111116 /* SmithersTests */ ); };
/* End PBXProject section */

/* Begin PBXResourcesBuildPhase section */
	A00000000000000000000009 /* Resources */ = {isa = PBXResourcesBuildPhase; buildActionMask = 2147483647; files = ( ); runOnlyForDeploymentPostprocessing = 0; };
	B11111111111111111111115 /* Resources */ = {isa = PBXResourcesBuildPhase; buildActionMask = 2147483647; files = (
	); runOnlyForDeploymentPostprocessing = 0; };
/* End PBXResourcesBuildPhase section */

/* Begin PBXSourcesBuildPhase section */
	A00000000000000000000007 /* Sources */ = {isa = PBXSourcesBuildPhase; buildActionMask = 2147483647; files = (
		A00000000000000000000015 /* SmithersApp.swift in Sources */,
		E35107889927682418501213 /* ChatWindowRootView.swift in Sources */,
		E41098578599192807997597 /* IDEWindowRootView.swift in Sources */,
		E09605018639019478757311 /* DividerLine.swift in Sources */,
		C44444444444444444444442 /* AppModel.swift in Sources */,
		C11111111111111111111122 /* SmithersCore.swift in Sources */,
	
		D10000000000000000000001 /* NSColor+Hex.swift in Sources */,
		D10000000000000000000002 /* Tokens.swift in Sources */,
		D10000000000000000000003 /* AppTheme.swift in Sources */,
		D10000000000000000000004 /* Components.swift in Sources */,
		); runOnlyForDeploymentPostprocessing = 0; };
	B11111111111111111111113 /* Sources */ = {isa = PBXSourcesBuildPhase; buildActionMask = 2147483647; files = (
		B11111111111111111111112 /* SmithersTests.swift in Sources */,
		E21989350555044847403895 /* ChatViewTests.swift in Sources */,
			D10000000000000000000015 /* ComponentsTests.swift in Sources (Tests) */,
	
		D10000000000000000000006 /* DesignSystemTests.swift in Sources */,
		D10000000000000000000014 /* NSColor+Hex.swift in Sources (Tests) */,
		D10000000000000000000012 /* Tokens.swift in Sources (Tests) */,
		D10000000000000000000013 /* AppTheme.swift in Sources (Tests) */,
		); runOnlyForDeploymentPostprocessing = 0; };
/* End PBXSourcesBuildPhase section */
/* Begin PBXShellScriptBuildPhase section */
	C22222222222222222222224 /* Verify SmithersKit.xcframework */ = {isa = PBXShellScriptBuildPhase; buildActionMask = 2147483647; files = ( ); inputFileListPaths = ( ); inputPaths = ( ); name = "Verify SmithersKit.xcframework"; outputFileListPaths = ( ); outputPaths = ( "${SRCROOT}/../dist/SmithersKit.stamp" ); runOnlyForDeploymentPostprocessing = 0; shellPath = /bin/sh; shellScript = "if [ ! -d \"${SRCROOT}/../dist/SmithersKit.xcframework\" ]; then\n  echo \"SmithersKit.xcframework not found at ../dist. Building via 'zig build xcframework'...\"\n  ROOT=\"$(cd \"${SRCROOT}/..\"; pwd)\"\n  cd \"$ROOT\"\n  if ! command -v zig >/dev/null 2>&1; then\n    echo \"zig not found. Install Zig or build xcframework manually.\" >&2\n    exit 1\n  fi\n  zig build xcframework || { echo \"zig build xcframework failed\"; exit 1; }\nfi\n

# Emit stamp for incremental builds
/usr/bin/touch "${SRCROOT}/../dist/SmithersKit.stamp"
"; };
/* End PBXShellScriptBuildPhase section */

/* Begin PBXTargetDependency section */
	C33333333333333333333326 /* PBXTargetDependency */ = {isa = PBXTargetDependency; name = Smithers; target = A00000000000000000000006 /* Smithers */; targetProxy = C33333333333333333333325 /* PBXContainerItemProxy */; };
/* End PBXTargetDependency section */
/* Begin XCBuildConfiguration section */
	A0000000000000000000000B /* Debug */ = {isa = XCBuildConfiguration; buildSettings = {
		ALWAYS_SEARCH_USER_PATHS = NO;
		CLANG_ENABLE_MODULES = YES;
		CODE_SIGNING_ALLOWED = NO;
		GCC_C_LANGUAGE_STANDARD = gnu17;
		MACOSX_DEPLOYMENT_TARGET = 14.0;
		PRODUCT_NAME = "$(TARGET_NAME)";
		SDKROOT = macosx;
		SWIFT_VERSION = 6.0;
		}; name = Debug; };
	A0000000000000000000000C /* Release */ = {isa = XCBuildConfiguration; buildSettings = {
		ALWAYS_SEARCH_USER_PATHS = NO;
		CLANG_ENABLE_MODULES = YES;
		CODE_SIGNING_ALLOWED = NO;
		GCC_C_LANGUAGE_STANDARD = gnu17;
		MACOSX_DEPLOYMENT_TARGET = 14.0;
		PRODUCT_NAME = "$(TARGET_NAME)";
		SDKROOT = macosx;
		SWIFT_VERSION = 6.0;
		}; name = Release; };
A0000000000000000000000E /* Debug */ = {isa = XCBuildConfiguration; buildSettings = {
		ASSETCATALOG_COMPILER_APPICON_NAME = AppIcon;
		CODE_SIGN_ENTITLEMENTS = "Smithers.entitlements";
		CODE_SIGN_IDENTITY = "-";
		CODE_SIGN_STYLE = Manual;
		DEVELOPMENT_TEAM = "";
        ENABLE_PREVIEWS = YES;
        GENERATE_INFOPLIST_FILE = YES;
        ENABLE_TESTABILITY = YES;
        
		GCC_C_LANGUAGE_STANDARD = gnu17;
		INFOPLIST_FILE = "Smithers-Info.plist";
        LD_RUNPATH_SEARCH_PATHS = ( "$(inherited)", "@executable_path/../Frameworks" );
            OTHER_LDFLAGS = "-lstdc++";
		MACOSX_DEPLOYMENT_TARGET = 14.0;
		PRODUCT_BUNDLE_IDENTIFIER = com.smithers.desktop;
		PRODUCT_NAME = Smithers;
		SDKROOT = macosx;
		SWIFT_STRICT_CONCURRENCY = complete;
		SWIFT_VERSION = 6.0;
		}; name = Debug; };
A0000000000000000000000F /* Release */ = {isa = XCBuildConfiguration; buildSettings = {
		ASSETCATALOG_COMPILER_APPICON_NAME = AppIcon;
		CODE_SIGN_ENTITLEMENTS = "Smithers.entitlements";
		CODE_SIGN_IDENTITY = "-";
		CODE_SIGN_STYLE = Manual;
		DEVELOPMENT_TEAM = "";
        ENABLE_PREVIEWS = YES;
        GENERATE_INFOPLIST_FILE = YES;
        DEFINES_MODULE = YES;
		GCC_C_LANGUAGE_STANDARD = gnu17;
		INFOPLIST_FILE = "Smithers-Info.plist";
		LD_RUNPATH_SEARCH_PATHS = ( "$(inherited)", "@executable_path/../Frameworks" );
			OTHER_LDFLAGS = "-lstdc++";
		MACOSX_DEPLOYMENT_TARGET = 14.0;
		PRODUCT_BUNDLE_IDENTIFIER = com.smithers.desktop;
		PRODUCT_NAME = Smithers;
		SDKROOT = macosx;
		SWIFT_STRICT_CONCURRENCY = complete;
		SWIFT_VERSION = 6.0;
		}; name = Release; };
	B11111111111111111111117 /* Debug */ = {isa = XCBuildConfiguration; buildSettings = {
		ALWAYS_SEARCH_USER_PATHS = NO;
		CODE_SIGNING_ALLOWED = NO;
		INFOPLIST_KEY_CFBundleName = "SmithersTests";
		GCC_C_LANGUAGE_STANDARD = gnu17;
		GENERATE_INFOPLIST_FILE = YES;
		EXCLUDED_ARCHS = x86_64;
		MACOSX_DEPLOYMENT_TARGET = 14.0;
		PRODUCT_BUNDLE_IDENTIFIER = com.smithers.desktop.tests;
		SDKROOT = macosx;
		SWIFT_VERSION = 6.0;
		LD_RUNPATH_SEARCH_PATHS = ( "@executable_path/../Frameworks", "@loader_path/../Frameworks" );
	}; name = Debug; };
	B11111111111111111111118 /* Release */ = {isa = XCBuildConfiguration; buildSettings = {
		ALWAYS_SEARCH_USER_PATHS = NO;
		CODE_SIGNING_ALLOWED = NO;
		INFOPLIST_KEY_CFBundleName = "SmithersTests";
		GCC_C_LANGUAGE_STANDARD = gnu17;
		GENERATE_INFOPLIST_FILE = YES;
		MACOSX_DEPLOYMENT_TARGET = 14.0;
		PRODUCT_BUNDLE_IDENTIFIER = com.smithers.desktop.tests;
		SDKROOT = macosx;
		SWIFT_VERSION = 6.0;
		LD_RUNPATH_SEARCH_PATHS = ( "@executable_path/../Frameworks", "@loader_path/../Frameworks" );
	}; name = Release; };
/* End XCBuildConfiguration section */

/* Begin XCConfigurationList section */
	A0000000000000000000000A /* Build configuration list for PBXProject "Smithers" */ = {isa = XCConfigurationList; buildConfigurations = (
		A0000000000000000000000B /* Debug */,
		A0000000000000000000000C /* Release */,
	); defaultConfigurationIsVisible = 0; defaultConfigurationName = Release; };
	A0000000000000000000000D /* Build configuration list for PBXNativeTarget "Smithers" */ = {isa = XCConfigurationList; buildConfigurations = (
		A0000000000000000000000E /* Debug */,
		A0000000000000000000000F /* Release */,
	); defaultConfigurationIsVisible = 0; defaultConfigurationName = Release; };
	B11111111111111111111119 /* Build configuration list for PBXNativeTarget "SmithersTests" */ = {isa = XCConfigurationList; buildConfigurations = (
		B11111111111111111111117 /* Debug */,
		B11111111111111111111118 /* Release */,
	); defaultConfigurationIsVisible = 0; defaultConfigurationName = Release; };
/* End XCConfigurationList section */

};
	rootObject = A00000000000000000000001 /* Project object */;
}
