// !$*UTF8*$!
{
	archiveVersion = 1;
	classes = {};
	objectVersion = 56;
	objects = {

/* Begin PBXBuildFile section */
A00000000000000000000015 /* SmithersApp.swift in Sources */ = {isa = PBXBuildFile; fileRef = A00000000000000000000011 /* SmithersApp.swift */; };
	A00000000000000000000016 /* SmithersKit.xcframework in Frameworks */ = {isa = PBXBuildFile; fileRef = A00000000000000000000014 /* SmithersKit.xcframework */; };
	B11111111111111111111112 /* SmithersTests.swift in Sources */ = {isa = PBXBuildFile; fileRef = B11111111111111111111111 /* SmithersTests.swift */; };
	B1111111111111111111111A /* SmithersKit.xcframework in Frameworks */ = {isa = PBXBuildFile; fileRef = A00000000000000000000014 /* SmithersKit.xcframework */; };
/* End PBXBuildFile section */

/* Begin PBXFileReference section */
	A00000000000000000000010 /* Smithers.app */ = {isa = PBXFileReference; explicitFileType = wrapper.application; includeInIndex = 0; path = Smithers.app; sourceTree = BUILT_PRODUCTS_DIR; };
	A00000000000000000000011 /* SmithersApp.swift */ = {isa = PBXFileReference; lastKnownFileType = sourcecode.swift; path = SmithersApp.swift; sourceTree = "<group>"; };
	A00000000000000000000013 /* Smithers-Info.plist */ = {isa = PBXFileReference; lastKnownFileType = text.plist.xml; path = "Smithers-Info.plist"; sourceTree = "<group>"; };
	A00000000000000000000014 /* SmithersKit.xcframework */ = {isa = PBXFileReference; lastKnownFileType = wrapper.xcframework; name = SmithersKit.xcframework; path = "../dist/SmithersKit.xcframework"; sourceTree = "<group>"; };
	A00000000000000000000017 /* Smithers.entitlements */ = {isa = PBXFileReference; lastKnownFileType = text.plist.entitlements; path = "Smithers.entitlements"; sourceTree = "<group>"; };
	B11111111111111111111110 /* SmithersTests.xctest */ = {isa = PBXFileReference; explicitFileType = wrapper.cfbundle; includeInIndex = 0; path = SmithersTests.xctest; sourceTree = BUILT_PRODUCTS_DIR; };
	B11111111111111111111111 /* SmithersTests.swift */ = {isa = PBXFileReference; lastKnownFileType = sourcecode.swift; path = SmithersTests.swift; sourceTree = "<group>"; };
/* End PBXFileReference section */

/* Begin PBXFrameworksBuildPhase section */
	A00000000000000000000008 /* Frameworks */ = {isa = PBXFrameworksBuildPhase; buildActionMask = 2147483647; files = (
		A00000000000000000000016 /* SmithersKit.xcframework in Frameworks */,
	); runOnlyForDeploymentPostprocessing = 0; };
	B11111111111111111111114 /* Frameworks */ = {isa = PBXFrameworksBuildPhase; buildActionMask = 2147483647; files = (
		B1111111111111111111111A /* SmithersKit.xcframework in Frameworks */,
	); runOnlyForDeploymentPostprocessing = 0; };
/* End PBXFrameworksBuildPhase section */

/* Begin PBXGroup section */
	A00000000000000000000002 = {isa = PBXGroup; children = (
		B1111111111111111111111B /* Tests */,
		A00000000000000000000013 /* Smithers-Info.plist */,
		A00000000000000000000017 /* Smithers.entitlements */,
		A00000000000000000000004 /* Sources */,
		A00000000000000000000005 /* Frameworks */,
		A00000000000000000000003 /* Products */,
	); sourceTree = "<group>"; };
	A00000000000000000000003 /* Products */ = {isa = PBXGroup; children = (
		A00000000000000000000010 /* Smithers.app */,
		B11111111111111111111110 /* SmithersTests.xctest */,
	); name = Products; sourceTree = "<group>"; };
	A00000000000000000000004 /* Sources */ = {isa = PBXGroup; children = (
		A00000000000000000000018 /* App */,
	); path = Sources; sourceTree = "<group>"; }; 
	A00000000000000000000005 /* Frameworks */ = {isa = PBXGroup; children = (
		A00000000000000000000014 /* SmithersKit.xcframework */,
	); name = Frameworks; sourceTree = "<group>"; };
	A00000000000000000000018 /* App */ = {isa = PBXGroup; children = (
		A00000000000000000000011 /* SmithersApp.swift */,
	); path = App; sourceTree = "<group>"; };
	B1111111111111111111111B /* Tests */ = {isa = PBXGroup; children = (
		B11111111111111111111111 /* SmithersTests.swift */,
	); name = Tests; path = SmithersTests; sourceTree = "<group>"; };
/* End PBXGroup section */

/* Begin PBXNativeTarget section */
	A00000000000000000000006 /* Smithers */ = {isa = PBXNativeTarget; buildConfigurationList = A0000000000000000000000D /* Build configuration list for PBXNativeTarget "Smithers" */; buildPhases = (
		A00000000000000000000007 /* Sources */, 
		A00000000000000000000008 /* Frameworks */, 
		A00000000000000000000009 /* Resources */, 
	); buildRules = ( ); dependencies = ( ); name = Smithers; productName = Smithers; productReference = A00000000000000000000010 /* Smithers.app */; productType = "com.apple.product-type.application"; };
	B11111111111111111111116 /* SmithersTests */ = {isa = PBXNativeTarget; buildConfigurationList = B11111111111111111111119 /* Build configuration list for PBXNativeTarget "SmithersTests" */; buildPhases = (
		B11111111111111111111113 /* Sources */,
		B11111111111111111111114 /* Frameworks */,
		B11111111111111111111115 /* Resources */,
	); buildRules = ( ); dependencies = ( ); name = SmithersTests; productName = SmithersTests; productReference = B11111111111111111111110 /* SmithersTests.xctest */; productType = "com.apple.product-type.bundle.unit-test"; };
/* End PBXNativeTarget section */

/* Begin PBXProject section */
	A00000000000000000000001 /* Project object */ = {isa = PBXProject; attributes = { LastUpgradeCheck = 1530; TargetAttributes = { A00000000000000000000006 = { ProvisioningStyle = Manual; }; B11111111111111111111116 = { ProvisioningStyle = Manual; }; }; }; buildConfigurationList = A0000000000000000000000A /* Build configuration list for PBXProject "Smithers" */; compatibilityVersion = "Xcode 15.0"; developmentRegion = en; hasScannedForEncodings = 0; knownRegions = ( en ); mainGroup = A00000000000000000000002; productRefGroup = A00000000000000000000003 /* Products */; projectDirPath = ""; projectRoot = ""; targets = ( A00000000000000000000006 /* Smithers */, B11111111111111111111116 /* SmithersTests */ ); };
/* End PBXProject section */

/* Begin PBXResourcesBuildPhase section */
	A00000000000000000000009 /* Resources */ = {isa = PBXResourcesBuildPhase; buildActionMask = 2147483647; files = ( ); runOnlyForDeploymentPostprocessing = 0; };
	B11111111111111111111115 /* Resources */ = {isa = PBXResourcesBuildPhase; buildActionMask = 2147483647; files = (
	); runOnlyForDeploymentPostprocessing = 0; };
/* End PBXResourcesBuildPhase section */

/* Begin PBXSourcesBuildPhase section */
	A00000000000000000000007 /* Sources */ = {isa = PBXSourcesBuildPhase; buildActionMask = 2147483647; files = (
		A00000000000000000000015 /* SmithersApp.swift in Sources */,
	); runOnlyForDeploymentPostprocessing = 0; };
	B11111111111111111111113 /* Sources */ = {isa = PBXSourcesBuildPhase; buildActionMask = 2147483647; files = (
		B11111111111111111111112 /* SmithersTests.swift in Sources */,
	); runOnlyForDeploymentPostprocessing = 0; };
/* End PBXSourcesBuildPhase section */

/* Begin XCBuildConfiguration section */
	A0000000000000000000000B /* Debug */ = {isa = XCBuildConfiguration; buildSettings = {
		ALWAYS_SEARCH_USER_PATHS = NO;
		CLANG_ENABLE_MODULES = YES;
		CODE_SIGNING_ALLOWED = NO;
		GCC_C_LANGUAGE_STANDARD = gnu17;
		MACOSX_DEPLOYMENT_TARGET = 14.0;
		PRODUCT_NAME = "$(TARGET_NAME)";
		SDKROOT = macosx;
		SWIFT_VERSION = 6.0;
		}; name = Debug; };
	A0000000000000000000000C /* Release */ = {isa = XCBuildConfiguration; buildSettings = {
		ALWAYS_SEARCH_USER_PATHS = NO;
		CLANG_ENABLE_MODULES = YES;
		CODE_SIGNING_ALLOWED = NO;
		GCC_C_LANGUAGE_STANDARD = gnu17;
		MACOSX_DEPLOYMENT_TARGET = 14.0;
		PRODUCT_NAME = "$(TARGET_NAME)";
		SDKROOT = macosx;
		SWIFT_VERSION = 6.0;
		}; name = Release; };
	A0000000000000000000000E /* Debug */ = {isa = XCBuildConfiguration; buildSettings = {
		ASSETCATALOG_COMPILER_APPICON_NAME = AppIcon;
		CODE_SIGN_ENTITLEMENTS = "Smithers.entitlements";
		CODE_SIGN_IDENTITY = "-";
		CODE_SIGN_STYLE = Manual;
		DEVELOPMENT_TEAM = "";
		ENABLE_PREVIEWS = YES;
		NO;
		GCC_C_LANGUAGE_STANDARD = gnu17;
		INFOPLIST_FILE = "Smithers-Info.plist";
		LD_RUNPATH_SEARCH_PATHS = ( "$(inherited)", "@executable_path/../Frameworks" );
		MACOSX_DEPLOYMENT_TARGET = 14.0;
		PRODUCT_BUNDLE_IDENTIFIER = com.smithers.desktop;
		PRODUCT_NAME = Smithers;
		SDKROOT = macosx;
		SWIFT_STRICT_CONCURRENCY = complete;
		SWIFT_VERSION = 6.0;
		}; name = Debug; };
	A0000000000000000000000F /* Release */ = {isa = XCBuildConfiguration; buildSettings = {
		ASSETCATALOG_COMPILER_APPICON_NAME = AppIcon;
		CODE_SIGN_ENTITLEMENTS = "Smithers.entitlements";
		CODE_SIGN_IDENTITY = "-";
		CODE_SIGN_STYLE = Manual;
		DEVELOPMENT_TEAM = "";
		ENABLE_PREVIEWS = YES;
		NO;
		GCC_C_LANGUAGE_STANDARD = gnu17;
		INFOPLIST_FILE = "Smithers-Info.plist";
		LD_RUNPATH_SEARCH_PATHS = ( "$(inherited)", "@executable_path/../Frameworks" );
		MACOSX_DEPLOYMENT_TARGET = 14.0;
		PRODUCT_BUNDLE_IDENTIFIER = com.smithers.desktop;
		PRODUCT_NAME = Smithers;
		SDKROOT = macosx;
		SWIFT_STRICT_CONCURRENCY = complete;
		SWIFT_VERSION = 6.0;
		}; name = Release; };
	B11111111111111111111117 /* Debug */ = {isa = XCBuildConfiguration; buildSettings = {
		ALWAYS_SEARCH_USER_PATHS = NO;
		CODE_SIGNING_ALLOWED = NO;
		INFOPLIST_KEY_CFBundleName = "SmithersTests";
		GCC_C_LANGUAGE_STANDARD = gnu17;
		GENERATE_INFOPLIST_FILE = YES;
		MACOSX_DEPLOYMENT_TARGET = 14.0;
		PRODUCT_BUNDLE_IDENTIFIER = com.smithers.desktop.tests;
		SDKROOT = macosx;
		SWIFT_VERSION = 6.0;
		LD_RUNPATH_SEARCH_PATHS = ( "", "@executable_path/../Frameworks", "@loader_path/../Frameworks" );
	}; name = Debug; };
	B11111111111111111111118 /* Release */ = {isa = XCBuildConfiguration; buildSettings = {
		ALWAYS_SEARCH_USER_PATHS = NO;
		CODE_SIGNING_ALLOWED = NO;
		INFOPLIST_KEY_CFBundleName = "SmithersTests";
		GCC_C_LANGUAGE_STANDARD = gnu17;
		GENERATE_INFOPLIST_FILE = YES;
		MACOSX_DEPLOYMENT_TARGET = 14.0;
		PRODUCT_BUNDLE_IDENTIFIER = com.smithers.desktop.tests;
		SDKROOT = macosx;
		SWIFT_VERSION = 6.0;
		LD_RUNPATH_SEARCH_PATHS = ( "", "@executable_path/../Frameworks", "@loader_path/../Frameworks" );
	}; name = Release; };
/* End XCBuildConfiguration section */

/* Begin XCConfigurationList section */
	A0000000000000000000000A /* Build configuration list for PBXProject "Smithers" */ = {isa = XCConfigurationList; buildConfigurations = (
		A0000000000000000000000B /* Debug */,
		A0000000000000000000000C /* Release */,
	); defaultConfigurationIsVisible = 0; defaultConfigurationName = Release; };
	A0000000000000000000000D /* Build configuration list for PBXNativeTarget "Smithers" */ = {isa = XCConfigurationList; buildConfigurations = (
		A0000000000000000000000E /* Debug */,
		A0000000000000000000000F /* Release */,
	); defaultConfigurationIsVisible = 0; defaultConfigurationName = Release; };
	B11111111111111111111119 /* Build configuration list for PBXNativeTarget "SmithersTests" */ = {isa = XCConfigurationList; buildConfigurations = (
		B11111111111111111111117 /* Debug */,
		B11111111111111111111118 /* Release */,
	); defaultConfigurationIsVisible = 0; defaultConfigurationName = Release; };
/* End XCConfigurationList section */

};
	rootObject = A00000000000000000000001 /* Project object */;
}
